<?xml version="1.0" encoding="utf-8"?>
<Project ToolsVersion="4.0" xmlns="http://schemas.microsoft.com/developer/msbuild/2003">
  <ItemGroup>
    <Filter Include="Utility">
      <UniqueIdentifier>{e051e621-e5a3-4378-b38e-b537a33a8ff9}</UniqueIdentifier>
    </Filter>
    <Filter Include="Objects">
      <UniqueIdentifier>{b5157395-94a4-48ba-aaea-76f6beb25234}</UniqueIdentifier>
    </Filter>
  </ItemGroup>
  <ItemGroup>
    <ClInclude Include="Vector2D.h">
      <Filter>Utility</Filter>
    </ClInclude>
  </ItemGroup>
</Project>